
Microsoft Visual Studio Solution File, Format Version 12.00
# Visual Studio Version 17
VisualStudioVersion = 17.4.33122.133
MinimumVisualStudioVersion = 10.0.40219.1
Project("{FAE04EC0-301F-11D3-BF4B-00C04F79EFBC}") = "Skole_Objekt_programmering_opgave", "Skole_Objekt_programmering_opgave.csproj", "{EFD534A5-E103-4DB2-81D5-12283D161BAC}"
EndProject
Global
	GlobalSection(SolutionConfigurationPlatforms) = preSolution
		Debug|Any CPU = Debug|Any CPU
		Release|Any CPU = Release|Any CPU
	EndGlobalSection
	GlobalSection(ProjectConfigurationPlatforms) = postSolution
		{EFD534A5-E103-4DB2-81D5-12283D161BAC}.Debug|Any CPU.ActiveCfg = Debug|Any CPU
		{EFD534A5-E103-4DB2-81D5-12283D161BAC}.Debug|Any CPU.Build.0 = Debug|Any CPU
		{EFD534A5-E103-4DB2-81D5-12283D161BAC}.Release|Any CPU.ActiveCfg = Release|Any CPU
		{EFD534A5-E103-4DB2-81D5-12283D161BAC}.Release|Any CPU.Build.0 = Release|Any CPU
	EndGlobalSection
	GlobalSection(SolutionProperties) = preSolution
		HideSolutionNode = FALSE
	EndGlobalSection
	GlobalSection(ExtensibilityGlobals) = postSolution
		SolutionGuid = {5A7F65E6-D9FD-4CD4-87EC-05CC5D9290B8}
	EndGlobalSection
EndGlobal
